
Microsoft Visual Studio Solution File, Format Version 12.00
# Visual Studio 15
VisualStudioVersion = 15.0.27703.2000
MinimumVisualStudioVersion = 10.0.40219.1
Project("{8BC9CEB8-8B4A-11D0-8D11-00A0C91BC942}") = "BankAccountManager", "BankAccountManager\BankAccountManager.vcxproj", "{2839BE9D-6A00-4C5A-9131-947893322C05}"
EndProject
Global
	GlobalSection(SolutionConfigurationPlatforms) = preSolution
		Debug|x64 = Debug|x64
		Debug|x86 = Debug|x86
		Release|x64 = Release|x64
		Release|x86 = Release|x86
	EndGlobalSection
	GlobalSection(ProjectConfigurationPlatforms) = postSolution
		{2839BE9D-6A00-4C5A-9131-947893322C05}.Debug|x64.ActiveCfg = Debug|x64
		{2839BE9D-6A00-4C5A-9131-947893322C05}.Debug|x64.Build.0 = Debug|x64
		{2839BE9D-6A00-4C5A-9131-947893322C05}.Debug|x86.ActiveCfg = Debug|Win32
		{2839BE9D-6A00-4C5A-9131-947893322C05}.Debug|x86.Build.0 = Debug|Win32
		{2839BE9D-6A00-4C5A-9131-947893322C05}.Release|x64.ActiveCfg = Release|x64
		{2839BE9D-6A00-4C5A-9131-947893322C05}.Release|x64.Build.0 = Release|x64
		{2839BE9D-6A00-4C5A-9131-947893322C05}.Release|x86.ActiveCfg = Release|Win32
		{2839BE9D-6A00-4C5A-9131-947893322C05}.Release|x86.Build.0 = Release|Win32
	EndGlobalSection
	GlobalSection(SolutionProperties) = preSolution
		HideSolutionNode = FALSE
	EndGlobalSection
	GlobalSection(ExtensibilityGlobals) = postSolution
		SolutionGuid = {FC329E4A-9ECC-4EDC-AE1C-130DF210F367}
	EndGlobalSection
EndGlobal
